
Microsoft Visual Studio Solution File, Format Version 12.00
# Visual Studio Version 16
VisualStudioVersion = 16.0.31205.134
MinimumVisualStudioVersion = 10.0.40219.1
Project("{FAE04EC0-301F-11D3-BF4B-00C04F79EFBC}") = "EmployeePayrollThread", "EmployeePayrollThread\EmployeePayrollThread.csproj", "{81947DDB-4FB7-475C-A383-787B2FAFD328}"
EndProject
Project("{FAE04EC0-301F-11D3-BF4B-00C04F79EFBC}") = "EmployeePayrollThreadTEST", "EmployeePayrollThreadTEST\EmployeePayrollThreadTEST.csproj", "{C6210697-5898-4C3A-8049-24611A444D6C}"
EndProject
Global
	GlobalSection(SolutionConfigurationPlatforms) = preSolution
		Debug|Any CPU = Debug|Any CPU
		Release|Any CPU = Release|Any CPU
	EndGlobalSection
	GlobalSection(ProjectConfigurationPlatforms) = postSolution
		{81947DDB-4FB7-475C-A383-787B2FAFD328}.Debug|Any CPU.ActiveCfg = Debug|Any CPU
		{81947DDB-4FB7-475C-A383-787B2FAFD328}.Debug|Any CPU.Build.0 = Debug|Any CPU
		{81947DDB-4FB7-475C-A383-787B2FAFD328}.Release|Any CPU.ActiveCfg = Release|Any CPU
		{81947DDB-4FB7-475C-A383-787B2FAFD328}.Release|Any CPU.Build.0 = Release|Any CPU
		{C6210697-5898-4C3A-8049-24611A444D6C}.Debug|Any CPU.ActiveCfg = Debug|Any CPU
		{C6210697-5898-4C3A-8049-24611A444D6C}.Debug|Any CPU.Build.0 = Debug|Any CPU
		{C6210697-5898-4C3A-8049-24611A444D6C}.Release|Any CPU.ActiveCfg = Release|Any CPU
		{C6210697-5898-4C3A-8049-24611A444D6C}.Release|Any CPU.Build.0 = Release|Any CPU
	EndGlobalSection
	GlobalSection(SolutionProperties) = preSolution
		HideSolutionNode = FALSE
	EndGlobalSection
	GlobalSection(ExtensibilityGlobals) = postSolution
		SolutionGuid = {5AB4F7D9-45D4-4771-849D-D0FEC4CD41A1}
	EndGlobalSection
EndGlobal
